// !$*UTF8*$!
{
	archiveVersion = 1;
	classes = {
	};
	objectVersion = 51;
	objects = {

/* Begin PBXBuildFile section */
		3E3A432E22A00E2400FE660F /* TopSellersTableView.swift in Sources */ = {isa = PBXBuildFile; fileRef = 3E3A432D22A00E2400FE660F /* TopSellersTableView.swift */; };
		3E3A433022A00E7F00FE660F /* TopSellersTableViewCell.swift in Sources */ = {isa = PBXBuildFile; fileRef = 3E3A432F22A00E7F00FE660F /* TopSellersTableViewCell.swift */; };
		3E441B0D22B7E0B7007C3A39 /* Global.swift in Sources */ = {isa = PBXBuildFile; fileRef = 3E441B0C22B7E0B7007C3A39 /* Global.swift */; };
		3E657B1722A56F9A0017A4A2 /* DummyJson.swift in Sources */ = {isa = PBXBuildFile; fileRef = 3E657B1622A56F9A0017A4A2 /* DummyJson.swift */; };
		880DFD462292F1640054F2C8 /* CalendarCollectionViewCell.swift in Sources */ = {isa = PBXBuildFile; fileRef = 880DFD442292F1640054F2C8 /* CalendarCollectionViewCell.swift */; };
		880DFD4B2292FEF40054F2C8 /* DummyCalendarData.swift in Sources */ = {isa = PBXBuildFile; fileRef = 880DFD4A2292FEF40054F2C8 /* DummyCalendarData.swift */; };
		880DFD4D229307AD0054F2C8 /* TodaySalesView.swift in Sources */ = {isa = PBXBuildFile; fileRef = 880DFD4C229307AD0054F2C8 /* TodaySalesView.swift */; };
		88232EEF22AFB912008C7A1A /* TodaySalesViewCharts.swift in Sources */ = {isa = PBXBuildFile; fileRef = 88232EEE22AFB912008C7A1A /* TodaySalesViewCharts.swift */; };
		88557EDD2292ECDC007DBE21 /* LoginViewController.swift in Sources */ = {isa = PBXBuildFile; fileRef = 88557EDB2292ECDC007DBE21 /* LoginViewController.swift */; };
		885D599722B2FBFD006B8F50 /* MonthLabel.swift in Sources */ = {isa = PBXBuildFile; fileRef = 885D599622B2FBFD006B8F50 /* MonthLabel.swift */; };
		885D599922B3B3ED006B8F50 /* CalendarData.swift in Sources */ = {isa = PBXBuildFile; fileRef = 885D599822B3B3ED006B8F50 /* CalendarData.swift */; };
		885D599B22B3DE7F006B8F50 /* SettingsViewController.swift in Sources */ = {isa = PBXBuildFile; fileRef = 885D599A22B3DE7F006B8F50 /* SettingsViewController.swift */; };
		885D599E22B3DEBB006B8F50 /* SettingsView.swift in Sources */ = {isa = PBXBuildFile; fileRef = 885D599D22B3DEBB006B8F50 /* SettingsView.swift */; };
		885D59A122B3E908006B8F50 /* HourSelectionTableViewCell.swift in Sources */ = {isa = PBXBuildFile; fileRef = 885D59A022B3E908006B8F50 /* HourSelectionTableViewCell.swift */; };
		885D59A322B3E919006B8F50 /* LogOutTableViewCell.swift in Sources */ = {isa = PBXBuildFile; fileRef = 885D59A222B3E919006B8F50 /* LogOutTableViewCell.swift */; };
		885D59A522B41311006B8F50 /* XAxisValueFormatter.swift in Sources */ = {isa = PBXBuildFile; fileRef = 885D59A422B41311006B8F50 /* XAxisValueFormatter.swift */; };
		885D59A722B5601C006B8F50 /* ClosingSelectionTableViewCell.swift in Sources */ = {isa = PBXBuildFile; fileRef = 885D59A622B5601C006B8F50 /* ClosingSelectionTableViewCell.swift */; };
		885D59A922B56F15006B8F50 /* UserDefaults.swift in Sources */ = {isa = PBXBuildFile; fileRef = 885D59A822B56F14006B8F50 /* UserDefaults.swift */; };
		885D59AB22B6F89F006B8F50 /* SplashScreenViewController.swift in Sources */ = {isa = PBXBuildFile; fileRef = 885D59AA22B6F89F006B8F50 /* SplashScreenViewController.swift */; };
		885D59AF22B7BF05006B8F50 /* CalendarLauncher.swift in Sources */ = {isa = PBXBuildFile; fileRef = 885D59AE22B7BF05006B8F50 /* CalendarLauncher.swift */; };
		885D59B222B7CD67006B8F50 /* SlideCalendarCollectionViewCell.swift in Sources */ = {isa = PBXBuildFile; fileRef = 885D59B122B7CD67006B8F50 /* SlideCalendarCollectionViewCell.swift */; };
		8874614F229EDA2000D65346 /* WeekNumberLabel.swift in Sources */ = {isa = PBXBuildFile; fileRef = 8874614E229EDA2000D65346 /* WeekNumberLabel.swift */; };
		888C6013228EE4490047A736 /* Receipt.swift in Sources */ = {isa = PBXBuildFile; fileRef = 888C6012228EE4490047A736 /* Receipt.swift */; };
		888C6015228EE4650047A736 /* Item.swift in Sources */ = {isa = PBXBuildFile; fileRef = 888C6014228EE4650047A736 /* Item.swift */; };
		888C6017228EE91D0047A736 /* DummyData.swift in Sources */ = {isa = PBXBuildFile; fileRef = 888C6016228EE91D0047A736 /* DummyData.swift */; };
		888C601A228EFE540047A736 /* DashboardViewController.swift in Sources */ = {isa = PBXBuildFile; fileRef = 888C6018228EFE540047A736 /* DashboardViewController.swift */; };
		88BA1C812294116D00F96603 /* Calendar.swift in Sources */ = {isa = PBXBuildFile; fileRef = 88BA1C802294116D00F96603 /* Calendar.swift */; };
		88BA1C872295A78A00F96603 /* TopCategoriesTableViewCell.swift in Sources */ = {isa = PBXBuildFile; fileRef = 88BA1C862295A78A00F96603 /* TopCategoriesTableViewCell.swift */; };
		88BA1C8A2296982E00F96603 /* TopCategoriesTableView.swift in Sources */ = {isa = PBXBuildFile; fileRef = 88BA1C892296982E00F96603 /* TopCategoriesTableView.swift */; };
		88BA1C8D2296CC8600F96603 /* TodaySalesLabel.swift in Sources */ = {isa = PBXBuildFile; fileRef = 88BA1C8C2296CC8600F96603 /* TodaySalesLabel.swift */; };
		88BA1C912296DE4000F96603 /* Constants.swift in Sources */ = {isa = PBXBuildFile; fileRef = 88BA1C902296DE4000F96603 /* Constants.swift */; };
		88BA1C97229834CB00F96603 /* WeatherCollectionViewCell.swift in Sources */ = {isa = PBXBuildFile; fileRef = 88BA1C96229834CB00F96603 /* WeatherCollectionViewCell.swift */; };
		88BA1C992298354D00F96603 /* WeatherCollectionView.swift in Sources */ = {isa = PBXBuildFile; fileRef = 88BA1C982298354D00F96603 /* WeatherCollectionView.swift */; };
		88BA1C9E229C1DA800F96603 /* DetailedHourCollectionView.swift in Sources */ = {isa = PBXBuildFile; fileRef = 88BA1C9D229C1DA800F96603 /* DetailedHourCollectionView.swift */; };
		88BA1CA0229C1DCC00F96603 /* DetailedHourCollectionViewCell.swift in Sources */ = {isa = PBXBuildFile; fileRef = 88BA1C9F229C1DCC00F96603 /* DetailedHourCollectionViewCell.swift */; };
		88E3FF34228D9C08002871BB /* AppDelegate.swift in Sources */ = {isa = PBXBuildFile; fileRef = 88E3FF33228D9C08002871BB /* AppDelegate.swift */; };
		88E3FF36228D9C08002871BB /* ViewController.swift in Sources */ = {isa = PBXBuildFile; fileRef = 88E3FF35228D9C08002871BB /* ViewController.swift */; };
		88E3FF39228D9C08002871BB /* Main.storyboard in Resources */ = {isa = PBXBuildFile; fileRef = 88E3FF37228D9C08002871BB /* Main.storyboard */; };
		88E3FF3B228D9C0A002871BB /* Assets.xcassets in Resources */ = {isa = PBXBuildFile; fileRef = 88E3FF3A228D9C0A002871BB /* Assets.xcassets */; };
		88E3FF3E228D9C0A002871BB /* LaunchScreen.storyboard in Resources */ = {isa = PBXBuildFile; fileRef = 88E3FF3C228D9C0A002871BB /* LaunchScreen.storyboard */; };
		929049F4711CBB63B2197CF0 /* Pods_TiQuest.framework in Frameworks */ = {isa = PBXBuildFile; fileRef = A157028FE12064BFDB472578 /* Pods_TiQuest.framework */; settings = {ATTRIBUTES = (Required, ); }; };
/* End PBXBuildFile section */

/* Begin PBXFileReference section */
		3E3A432D22A00E2400FE660F /* TopSellersTableView.swift */ = {isa = PBXFileReference; lastKnownFileType = sourcecode.swift; path = TopSellersTableView.swift; sourceTree = "<group>"; };
		3E3A432F22A00E7F00FE660F /* TopSellersTableViewCell.swift */ = {isa = PBXFileReference; lastKnownFileType = sourcecode.swift; path = TopSellersTableViewCell.swift; sourceTree = "<group>"; };
		3E441B0C22B7E0B7007C3A39 /* Global.swift */ = {isa = PBXFileReference; lastKnownFileType = sourcecode.swift; path = Global.swift; sourceTree = "<group>"; };
		3E657B1622A56F9A0017A4A2 /* DummyJson.swift */ = {isa = PBXFileReference; lastKnownFileType = sourcecode.swift; path = DummyJson.swift; sourceTree = "<group>"; };
		74ADADF95A9C723D4614757E /* Pods-TiQuest.release.xcconfig */ = {isa = PBXFileReference; includeInIndex = 1; lastKnownFileType = text.xcconfig; name = "Pods-TiQuest.release.xcconfig"; path = "Target Support Files/Pods-TiQuest/Pods-TiQuest.release.xcconfig"; sourceTree = "<group>"; };
		880DFD442292F1640054F2C8 /* CalendarCollectionViewCell.swift */ = {isa = PBXFileReference; lastKnownFileType = sourcecode.swift; path = CalendarCollectionViewCell.swift; sourceTree = "<group>"; };
		880DFD4A2292FEF40054F2C8 /* DummyCalendarData.swift */ = {isa = PBXFileReference; lastKnownFileType = sourcecode.swift; path = DummyCalendarData.swift; sourceTree = "<group>"; };
		880DFD4C229307AD0054F2C8 /* TodaySalesView.swift */ = {isa = PBXFileReference; lastKnownFileType = sourcecode.swift; path = TodaySalesView.swift; sourceTree = "<group>"; };
		88232EEE22AFB912008C7A1A /* TodaySalesViewCharts.swift */ = {isa = PBXFileReference; lastKnownFileType = sourcecode.swift; path = TodaySalesViewCharts.swift; sourceTree = "<group>"; };
		88557EDB2292ECDC007DBE21 /* LoginViewController.swift */ = {isa = PBXFileReference; lastKnownFileType = sourcecode.swift; path = LoginViewController.swift; sourceTree = "<group>"; };
		885D599622B2FBFD006B8F50 /* MonthLabel.swift */ = {isa = PBXFileReference; lastKnownFileType = sourcecode.swift; path = MonthLabel.swift; sourceTree = "<group>"; };
		885D599822B3B3ED006B8F50 /* CalendarData.swift */ = {isa = PBXFileReference; lastKnownFileType = sourcecode.swift; path = CalendarData.swift; sourceTree = "<group>"; };
		885D599A22B3DE7F006B8F50 /* SettingsViewController.swift */ = {isa = PBXFileReference; lastKnownFileType = sourcecode.swift; path = SettingsViewController.swift; sourceTree = "<group>"; };
		885D599D22B3DEBB006B8F50 /* SettingsView.swift */ = {isa = PBXFileReference; lastKnownFileType = sourcecode.swift; path = SettingsView.swift; sourceTree = "<group>"; };
		885D59A022B3E908006B8F50 /* HourSelectionTableViewCell.swift */ = {isa = PBXFileReference; lastKnownFileType = sourcecode.swift; path = HourSelectionTableViewCell.swift; sourceTree = "<group>"; };
		885D59A222B3E919006B8F50 /* LogOutTableViewCell.swift */ = {isa = PBXFileReference; lastKnownFileType = sourcecode.swift; path = LogOutTableViewCell.swift; sourceTree = "<group>"; };
		885D59A422B41311006B8F50 /* XAxisValueFormatter.swift */ = {isa = PBXFileReference; lastKnownFileType = sourcecode.swift; path = XAxisValueFormatter.swift; sourceTree = "<group>"; };
		885D59A622B5601C006B8F50 /* ClosingSelectionTableViewCell.swift */ = {isa = PBXFileReference; lastKnownFileType = sourcecode.swift; path = ClosingSelectionTableViewCell.swift; sourceTree = "<group>"; };
		885D59A822B56F14006B8F50 /* UserDefaults.swift */ = {isa = PBXFileReference; lastKnownFileType = sourcecode.swift; path = UserDefaults.swift; sourceTree = "<group>"; };
		885D59AA22B6F89F006B8F50 /* SplashScreenViewController.swift */ = {isa = PBXFileReference; lastKnownFileType = sourcecode.swift; path = SplashScreenViewController.swift; sourceTree = "<group>"; };
		885D59AE22B7BF05006B8F50 /* CalendarLauncher.swift */ = {isa = PBXFileReference; lastKnownFileType = sourcecode.swift; path = CalendarLauncher.swift; sourceTree = "<group>"; };
		885D59B122B7CD67006B8F50 /* SlideCalendarCollectionViewCell.swift */ = {isa = PBXFileReference; lastKnownFileType = sourcecode.swift; path = SlideCalendarCollectionViewCell.swift; sourceTree = "<group>"; };
		8874614E229EDA2000D65346 /* WeekNumberLabel.swift */ = {isa = PBXFileReference; lastKnownFileType = sourcecode.swift; path = WeekNumberLabel.swift; sourceTree = "<group>"; };
		888C6012228EE4490047A736 /* Receipt.swift */ = {isa = PBXFileReference; lastKnownFileType = sourcecode.swift; path = Receipt.swift; sourceTree = "<group>"; };
		888C6014228EE4650047A736 /* Item.swift */ = {isa = PBXFileReference; lastKnownFileType = sourcecode.swift; path = Item.swift; sourceTree = "<group>"; };
		888C6016228EE91D0047A736 /* DummyData.swift */ = {isa = PBXFileReference; lastKnownFileType = sourcecode.swift; path = DummyData.swift; sourceTree = "<group>"; };
		888C6018228EFE540047A736 /* DashboardViewController.swift */ = {isa = PBXFileReference; lastKnownFileType = sourcecode.swift; path = DashboardViewController.swift; sourceTree = "<group>"; };
		88BA1C802294116D00F96603 /* Calendar.swift */ = {isa = PBXFileReference; lastKnownFileType = sourcecode.swift; path = Calendar.swift; sourceTree = "<group>"; };
		88BA1C862295A78A00F96603 /* TopCategoriesTableViewCell.swift */ = {isa = PBXFileReference; lastKnownFileType = sourcecode.swift; path = TopCategoriesTableViewCell.swift; sourceTree = "<group>"; };
		88BA1C892296982E00F96603 /* TopCategoriesTableView.swift */ = {isa = PBXFileReference; lastKnownFileType = sourcecode.swift; path = TopCategoriesTableView.swift; sourceTree = "<group>"; };
		88BA1C8C2296CC8600F96603 /* TodaySalesLabel.swift */ = {isa = PBXFileReference; lastKnownFileType = sourcecode.swift; path = TodaySalesLabel.swift; sourceTree = "<group>"; };
		88BA1C902296DE4000F96603 /* Constants.swift */ = {isa = PBXFileReference; lastKnownFileType = sourcecode.swift; path = Constants.swift; sourceTree = "<group>"; };
		88BA1C96229834CB00F96603 /* WeatherCollectionViewCell.swift */ = {isa = PBXFileReference; lastKnownFileType = sourcecode.swift; path = WeatherCollectionViewCell.swift; sourceTree = "<group>"; };
		88BA1C982298354D00F96603 /* WeatherCollectionView.swift */ = {isa = PBXFileReference; lastKnownFileType = sourcecode.swift; path = WeatherCollectionView.swift; sourceTree = "<group>"; };
		88BA1C9D229C1DA800F96603 /* DetailedHourCollectionView.swift */ = {isa = PBXFileReference; lastKnownFileType = sourcecode.swift; path = DetailedHourCollectionView.swift; sourceTree = "<group>"; };
		88BA1C9F229C1DCC00F96603 /* DetailedHourCollectionViewCell.swift */ = {isa = PBXFileReference; lastKnownFileType = sourcecode.swift; path = DetailedHourCollectionViewCell.swift; sourceTree = "<group>"; };
		88E3FF30228D9C08002871BB /* TiQuest.app */ = {isa = PBXFileReference; explicitFileType = wrapper.application; includeInIndex = 0; path = TiQuest.app; sourceTree = BUILT_PRODUCTS_DIR; };
		88E3FF33228D9C08002871BB /* AppDelegate.swift */ = {isa = PBXFileReference; lastKnownFileType = sourcecode.swift; path = AppDelegate.swift; sourceTree = "<group>"; };
		88E3FF35228D9C08002871BB /* ViewController.swift */ = {isa = PBXFileReference; lastKnownFileType = sourcecode.swift; path = ViewController.swift; sourceTree = "<group>"; };
		88E3FF38228D9C08002871BB /* Base */ = {isa = PBXFileReference; lastKnownFileType = file.storyboard; name = Base; path = Base.lproj/Main.storyboard; sourceTree = "<group>"; };
		88E3FF3A228D9C0A002871BB /* Assets.xcassets */ = {isa = PBXFileReference; lastKnownFileType = folder.assetcatalog; path = Assets.xcassets; sourceTree = "<group>"; };
		88E3FF3D228D9C0A002871BB /* Base */ = {isa = PBXFileReference; lastKnownFileType = file.storyboard; name = Base; path = Base.lproj/LaunchScreen.storyboard; sourceTree = "<group>"; };
		88E3FF3F228D9C0A002871BB /* Info.plist */ = {isa = PBXFileReference; lastKnownFileType = text.plist.xml; path = Info.plist; sourceTree = "<group>"; };
		942147E7A55F5239922D3590 /* Pods-TiQuest.debug.xcconfig */ = {isa = PBXFileReference; includeInIndex = 1; lastKnownFileType = text.xcconfig; name = "Pods-TiQuest.debug.xcconfig"; path = "Target Support Files/Pods-TiQuest/Pods-TiQuest.debug.xcconfig"; sourceTree = "<group>"; };
		A157028FE12064BFDB472578 /* Pods_TiQuest.framework */ = {isa = PBXFileReference; explicitFileType = wrapper.framework; includeInIndex = 0; path = Pods_TiQuest.framework; sourceTree = BUILT_PRODUCTS_DIR; };
/* End PBXFileReference section */

/* Begin PBXFrameworksBuildPhase section */
		88E3FF2D228D9C08002871BB /* Frameworks */ = {
			isa = PBXFrameworksBuildPhase;
			buildActionMask = 2147483647;
			files = (
				929049F4711CBB63B2197CF0 /* Pods_TiQuest.framework in Frameworks */,
			);
			runOnlyForDeploymentPostprocessing = 0;
		};
/* End PBXFrameworksBuildPhase section */

/* Begin PBXGroup section */
		3E3A432C22A00DB000FE660F /* TopSellersTableView */ = {
			isa = PBXGroup;
			children = (
				3E3A432F22A00E7F00FE660F /* TopSellersTableViewCell.swift */,
				3E3A432D22A00E2400FE660F /* TopSellersTableView.swift */,
			);
			path = TopSellersTableView;
			sourceTree = "<group>";
		};
		469A29D5DB2AC430543BCFF5 /* Frameworks */ = {
			isa = PBXGroup;
			children = (
				A157028FE12064BFDB472578 /* Pods_TiQuest.framework */,
			);
			name = Frameworks;
			sourceTree = "<group>";
		};
		7D712CBF5D317E3791393C25 /* Pods */ = {
			isa = PBXGroup;
			children = (
				942147E7A55F5239922D3590 /* Pods-TiQuest.debug.xcconfig */,
				74ADADF95A9C723D4614757E /* Pods-TiQuest.release.xcconfig */,
			);
			path = Pods;
			sourceTree = "<group>";
		};
		880DFD412292F0EA0054F2C8 /* CalendarCollectionView */ = {
			isa = PBXGroup;
			children = (
				880DFD442292F1640054F2C8 /* CalendarCollectionViewCell.swift */,
				88BA1C802294116D00F96603 /* Calendar.swift */,
				8874614E229EDA2000D65346 /* WeekNumberLabel.swift */,
				885D599622B2FBFD006B8F50 /* MonthLabel.swift */,
			);
			path = CalendarCollectionView;
			sourceTree = "<group>";
		};
		885D599C22B3DE8F006B8F50 /* Settings */ = {
			isa = PBXGroup;
			children = (
				885D599D22B3DEBB006B8F50 /* SettingsView.swift */,
				885D59A022B3E908006B8F50 /* HourSelectionTableViewCell.swift */,
				885D59A622B5601C006B8F50 /* ClosingSelectionTableViewCell.swift */,
				885D59A222B3E919006B8F50 /* LogOutTableViewCell.swift */,
			);
			path = Settings;
			sourceTree = "<group>";
		};
		885D59B022B7CD16006B8F50 /* SlideIn Calendar */ = {
			isa = PBXGroup;
			children = (
				885D59AE22B7BF05006B8F50 /* CalendarLauncher.swift */,
				885D59B122B7CD67006B8F50 /* SlideCalendarCollectionViewCell.swift */,
			);
			path = "SlideIn Calendar";
			sourceTree = "<group>";
		};
		8874614D229ED7D200D65346 /* LogIn */ = {
			isa = PBXGroup;
			children = (
			);
			path = LogIn;
			sourceTree = "<group>";
		};
		888C600F228EE1890047A736 /* Model */ = {
			isa = PBXGroup;
			children = (
				3E441B0C22B7E0B7007C3A39 /* Global.swift */,
				888C6012228EE4490047A736 /* Receipt.swift */,
				888C6014228EE4650047A736 /* Item.swift */,
				888C6016228EE91D0047A736 /* DummyData.swift */,
				880DFD4A2292FEF40054F2C8 /* DummyCalendarData.swift */,
				3E657B1622A56F9A0017A4A2 /* DummyJson.swift */,
				885D599822B3B3ED006B8F50 /* CalendarData.swift */,
				885D59A822B56F14006B8F50 /* UserDefaults.swift */,
			);
			path = Model;
			sourceTree = "<group>";
		};
		888C6010228EE19C0047A736 /* View */ = {
			isa = PBXGroup;
			children = (
				885D59B022B7CD16006B8F50 /* SlideIn Calendar */,
				885D599C22B3DE8F006B8F50 /* Settings */,
				8874614D229ED7D200D65346 /* LogIn */,
				88BA1C9C229C1D8100F96603 /* DetailedHourView */,
				88BA1C952298318C00F96603 /* WeatherCollectionView */,
				88BA1C8B2296C52D00F96603 /* Today's Sales */,
				88BA1C882295A7D500F96603 /* TopCategoriesTableView */,
				3E3A432C22A00DB000FE660F /* TopSellersTableView */,
				880DFD412292F0EA0054F2C8 /* CalendarCollectionView */,
				88E3FF37228D9C08002871BB /* Main.storyboard */,
				88E3FF3C228D9C0A002871BB /* LaunchScreen.storyboard */,
			);
			path = View;
			sourceTree = "<group>";
		};
		888C6011228EE1A80047A736 /* Controller */ = {
			isa = PBXGroup;
			children = (
				88E3FF33228D9C08002871BB /* AppDelegate.swift */,
				88E3FF35228D9C08002871BB /* ViewController.swift */,
				885D59AA22B6F89F006B8F50 /* SplashScreenViewController.swift */,
				88557EDB2292ECDC007DBE21 /* LoginViewController.swift */,
				888C6018228EFE540047A736 /* DashboardViewController.swift */,
				885D599A22B3DE7F006B8F50 /* SettingsViewController.swift */,
			);
			path = Controller;
			sourceTree = "<group>";
		};
		88BA1C882295A7D500F96603 /* TopCategoriesTableView */ = {
			isa = PBXGroup;
			children = (
				88BA1C862295A78A00F96603 /* TopCategoriesTableViewCell.swift */,
				88BA1C892296982E00F96603 /* TopCategoriesTableView.swift */,
			);
			path = TopCategoriesTableView;
			sourceTree = "<group>";
		};
		88BA1C8B2296C52D00F96603 /* Today's Sales */ = {
			isa = PBXGroup;
			children = (
				880DFD4C229307AD0054F2C8 /* TodaySalesView.swift */,
				88BA1C8C2296CC8600F96603 /* TodaySalesLabel.swift */,
				88232EEE22AFB912008C7A1A /* TodaySalesViewCharts.swift */,
				885D59A422B41311006B8F50 /* XAxisValueFormatter.swift */,
			);
			path = "Today's Sales";
			sourceTree = "<group>";
		};
		88BA1C9222982DB600F96603 /* Helpers */ = {
			isa = PBXGroup;
			children = (
			);
			path = Helpers;
			sourceTree = "<group>";
		};
		88BA1C952298318C00F96603 /* WeatherCollectionView */ = {
			isa = PBXGroup;
			children = (
				88BA1C96229834CB00F96603 /* WeatherCollectionViewCell.swift */,
				88BA1C982298354D00F96603 /* WeatherCollectionView.swift */,
			);
			path = WeatherCollectionView;
			sourceTree = "<group>";
		};
		88BA1C9C229C1D8100F96603 /* DetailedHourView */ = {
			isa = PBXGroup;
			children = (
				88BA1C9D229C1DA800F96603 /* DetailedHourCollectionView.swift */,
				88BA1C9F229C1DCC00F96603 /* DetailedHourCollectionViewCell.swift */,
			);
			path = DetailedHourView;
			sourceTree = "<group>";
		};
		88E3FF27228D9C08002871BB = {
			isa = PBXGroup;
			children = (
				88E3FF32228D9C08002871BB /* TiQuest */,
				88E3FF31228D9C08002871BB /* Products */,
				7D712CBF5D317E3791393C25 /* Pods */,
				469A29D5DB2AC430543BCFF5 /* Frameworks */,
			);
			sourceTree = "<group>";
		};
		88E3FF31228D9C08002871BB /* Products */ = {
			isa = PBXGroup;
			children = (
				88E3FF30228D9C08002871BB /* TiQuest.app */,
			);
			name = Products;
			sourceTree = "<group>";
		};
		88E3FF32228D9C08002871BB /* TiQuest */ = {
			isa = PBXGroup;
			children = (
				888C600F228EE1890047A736 /* Model */,
				888C6011228EE1A80047A736 /* Controller */,
				888C6010228EE19C0047A736 /* View */,
				88BA1C9222982DB600F96603 /* Helpers */,
				88E3FF3A228D9C0A002871BB /* Assets.xcassets */,
				88E3FF3F228D9C0A002871BB /* Info.plist */,
				88BA1C902296DE4000F96603 /* Constants.swift */,
			);
			path = TiQuest;
			sourceTree = "<group>";
		};
/* End PBXGroup section */

/* Begin PBXNativeTarget section */
		88E3FF2F228D9C08002871BB /* TiQuest */ = {
			isa = PBXNativeTarget;
			buildConfigurationList = 88E3FF42228D9C0A002871BB /* Build configuration list for PBXNativeTarget "TiQuest" */;
			buildPhases = (
				2A81C13178E6AB09B39AE63B /* [CP] Check Pods Manifest.lock */,
				88E3FF2C228D9C08002871BB /* Sources */,
				88E3FF2D228D9C08002871BB /* Frameworks */,
				88E3FF2E228D9C08002871BB /* Resources */,
				BACB66FACF85799FC0A13247 /* [CP] Embed Pods Frameworks */,
			);
			buildRules = (
			);
			dependencies = (
			);
			name = TiQuest;
			productName = TiQuest;
			productReference = 88E3FF30228D9C08002871BB /* TiQuest.app */;
			productType = "com.apple.product-type.application";
		};
/* End PBXNativeTarget section */

/* Begin PBXProject section */
		88E3FF28228D9C08002871BB /* Project object */ = {
			isa = PBXProject;
			attributes = {
				LastSwiftUpdateCheck = 1010;
				LastUpgradeCheck = 1010;
				ORGANIZATIONNAME = "Eric Ordonneau";
				TargetAttributes = {
					88E3FF2F228D9C08002871BB = {
						CreatedOnToolsVersion = 10.1;
					};
				};
			};
			buildConfigurationList = 88E3FF2B228D9C08002871BB /* Build configuration list for PBXProject "TiQuest" */;
			compatibilityVersion = "Xcode 9.3";
			developmentRegion = en;
			hasScannedForEncodings = 0;
			knownRegions = (
				en,
				Base,
			);
			mainGroup = 88E3FF27228D9C08002871BB;
			productRefGroup = 88E3FF31228D9C08002871BB /* Products */;
			projectDirPath = "";
			projectRoot = "";
			targets = (
				88E3FF2F228D9C08002871BB /* TiQuest */,
			);
		};
/* End PBXProject section */

/* Begin PBXResourcesBuildPhase section */
		88E3FF2E228D9C08002871BB /* Resources */ = {
			isa = PBXResourcesBuildPhase;
			buildActionMask = 2147483647;
			files = (
				88E3FF3E228D9C0A002871BB /* LaunchScreen.storyboard in Resources */,
				88E3FF3B228D9C0A002871BB /* Assets.xcassets in Resources */,
				88E3FF39228D9C08002871BB /* Main.storyboard in Resources */,
			);
			runOnlyForDeploymentPostprocessing = 0;
		};
/* End PBXResourcesBuildPhase section */

/* Begin PBXShellScriptBuildPhase section */
		2A81C13178E6AB09B39AE63B /* [CP] Check Pods Manifest.lock */ = {
			isa = PBXShellScriptBuildPhase;
			buildActionMask = 2147483647;
			files = (
			);
			inputFileListPaths = (
			);
			inputPaths = (
				"${PODS_PODFILE_DIR_PATH}/Podfile.lock",
				"${PODS_ROOT}/Manifest.lock",
			);
			name = "[CP] Check Pods Manifest.lock";
			outputFileListPaths = (
			);
			outputPaths = (
				"$(DERIVED_FILE_DIR)/Pods-TiQuest-checkManifestLockResult.txt",
			);
			runOnlyForDeploymentPostprocessing = 0;
			shellPath = /bin/sh;
			shellScript = "diff \"${PODS_PODFILE_DIR_PATH}/Podfile.lock\" \"${PODS_ROOT}/Manifest.lock\" > /dev/null\nif [ $? != 0 ] ; then\n    # print error to STDERR\n    echo \"error: The sandbox is not in sync with the Podfile.lock. Run 'pod install' or update your CocoaPods installation.\" >&2\n    exit 1\nfi\n# This output is used by Xcode 'outputs' to avoid re-running this script phase.\necho \"SUCCESS\" > \"${SCRIPT_OUTPUT_FILE_0}\"\n";
			showEnvVarsInLog = 0;
		};
		BACB66FACF85799FC0A13247 /* [CP] Embed Pods Frameworks */ = {
			isa = PBXShellScriptBuildPhase;
			buildActionMask = 2147483647;
			files = (
			);
			inputFileListPaths = (
				"${PODS_ROOT}/Target Support Files/Pods-TiQuest/Pods-TiQuest-frameworks-${CONFIGURATION}-input-files.xcfilelist",
			);
			name = "[CP] Embed Pods Frameworks";
			outputFileListPaths = (
				"${PODS_ROOT}/Target Support Files/Pods-TiQuest/Pods-TiQuest-frameworks-${CONFIGURATION}-output-files.xcfilelist",
			);
			runOnlyForDeploymentPostprocessing = 0;
			shellPath = /bin/sh;
			shellScript = "\"${PODS_ROOT}/Target Support Files/Pods-TiQuest/Pods-TiQuest-frameworks.sh\"\n";
			showEnvVarsInLog = 0;
		};
/* End PBXShellScriptBuildPhase section */

/* Begin PBXSourcesBuildPhase section */
		88E3FF2C228D9C08002871BB /* Sources */ = {
			isa = PBXSourcesBuildPhase;
			buildActionMask = 2147483647;
			files = (
				88557EDD2292ECDC007DBE21 /* LoginViewController.swift in Sources */,
				88BA1C97229834CB00F96603 /* WeatherCollectionViewCell.swift in Sources */,
				888C6015228EE4650047A736 /* Item.swift in Sources */,
				885D59A522B41311006B8F50 /* XAxisValueFormatter.swift in Sources */,
				885D59AB22B6F89F006B8F50 /* SplashScreenViewController.swift in Sources */,
				885D59A122B3E908006B8F50 /* HourSelectionTableViewCell.swift in Sources */,
				88BA1C992298354D00F96603 /* WeatherCollectionView.swift in Sources */,
				885D59A722B5601C006B8F50 /* ClosingSelectionTableViewCell.swift in Sources */,
				888C601A228EFE540047A736 /* DashboardViewController.swift in Sources */,
				888C6013228EE4490047A736 /* Receipt.swift in Sources */,
				885D59B222B7CD67006B8F50 /* SlideCalendarCollectionViewCell.swift in Sources */,
				3E3A432E22A00E2400FE660F /* TopSellersTableView.swift in Sources */,
				88E3FF36228D9C08002871BB /* ViewController.swift in Sources */,
				88232EEF22AFB912008C7A1A /* TodaySalesViewCharts.swift in Sources */,
				88BA1C912296DE4000F96603 /* Constants.swift in Sources */,
				885D59AF22B7BF05006B8F50 /* CalendarLauncher.swift in Sources */,
				880DFD4D229307AD0054F2C8 /* TodaySalesView.swift in Sources */,
				885D59A922B56F15006B8F50 /* UserDefaults.swift in Sources */,
				3E3A433022A00E7F00FE660F /* TopSellersTableViewCell.swift in Sources */,
				8874614F229EDA2000D65346 /* WeekNumberLabel.swift in Sources */,
				880DFD4B2292FEF40054F2C8 /* DummyCalendarData.swift in Sources */,
				885D59A322B3E919006B8F50 /* LogOutTableViewCell.swift in Sources */,
				88BA1C812294116D00F96603 /* Calendar.swift in Sources */,
				885D599922B3B3ED006B8F50 /* CalendarData.swift in Sources */,
				880DFD462292F1640054F2C8 /* CalendarCollectionViewCell.swift in Sources */,
				88BA1C8D2296CC8600F96603 /* TodaySalesLabel.swift in Sources */,
				885D599722B2FBFD006B8F50 /* MonthLabel.swift in Sources */,
				88BA1C872295A78A00F96603 /* TopCategoriesTableViewCell.swift in Sources */,
				3E441B0D22B7E0B7007C3A39 /* Global.swift in Sources */,
				888C6017228EE91D0047A736 /* DummyData.swift in Sources */,
				885D599E22B3DEBB006B8F50 /* SettingsView.swift in Sources */,
				88BA1C8A2296982E00F96603 /* TopCategoriesTableView.swift in Sources */,
				88BA1C9E229C1DA800F96603 /* DetailedHourCollectionView.swift in Sources */,
				88BA1CA0229C1DCC00F96603 /* DetailedHourCollectionViewCell.swift in Sources */,
				88E3FF34228D9C08002871BB /* AppDelegate.swift in Sources */,
				3E657B1722A56F9A0017A4A2 /* DummyJson.swift in Sources */,
				885D599B22B3DE7F006B8F50 /* SettingsViewController.swift in Sources */,
			);
			runOnlyForDeploymentPostprocessing = 0;
		};
/* End PBXSourcesBuildPhase section */

/* Begin PBXVariantGroup section */
		88E3FF37228D9C08002871BB /* Main.storyboard */ = {
			isa = PBXVariantGroup;
			children = (
				88E3FF38228D9C08002871BB /* Base */,
			);
			name = Main.storyboard;
			sourceTree = "<group>";
		};
		88E3FF3C228D9C0A002871BB /* LaunchScreen.storyboard */ = {
			isa = PBXVariantGroup;
			children = (
				88E3FF3D228D9C0A002871BB /* Base */,
			);
			name = LaunchScreen.storyboard;
			sourceTree = "<group>";
		};
/* End PBXVariantGroup section */

/* Begin XCBuildConfiguration section */
		88E3FF40228D9C0A002871BB /* Debug */ = {
			isa = XCBuildConfiguration;
			buildSettings = {
				ALWAYS_SEARCH_USER_PATHS = NO;
				CLANG_ANALYZER_NONNULL = YES;
				CLANG_ANALYZER_NUMBER_OBJECT_CONVERSION = YES_AGGRESSIVE;
				CLANG_CXX_LANGUAGE_STANDARD = "gnu++14";
				CLANG_CXX_LIBRARY = "libc++";
				CLANG_ENABLE_MODULES = YES;
				CLANG_ENABLE_OBJC_ARC = YES;
				CLANG_ENABLE_OBJC_WEAK = YES;
				CLANG_WARN_BLOCK_CAPTURE_AUTORELEASING = YES;
				CLANG_WARN_BOOL_CONVERSION = YES;
				CLANG_WARN_COMMA = YES;
				CLANG_WARN_CONSTANT_CONVERSION = YES;
				CLANG_WARN_DEPRECATED_OBJC_IMPLEMENTATIONS = YES;
				CLANG_WARN_DIRECT_OBJC_ISA_USAGE = YES_ERROR;
				CLANG_WARN_DOCUMENTATION_COMMENTS = YES;
				CLANG_WARN_EMPTY_BODY = YES;
				CLANG_WARN_ENUM_CONVERSION = YES;
				CLANG_WARN_INFINITE_RECURSION = YES;
				CLANG_WARN_INT_CONVERSION = YES;
				CLANG_WARN_NON_LITERAL_NULL_CONVERSION = YES;
				CLANG_WARN_OBJC_IMPLICIT_RETAIN_SELF = YES;
				CLANG_WARN_OBJC_LITERAL_CONVERSION = YES;
				CLANG_WARN_OBJC_ROOT_CLASS = YES_ERROR;
				CLANG_WARN_RANGE_LOOP_ANALYSIS = YES;
				CLANG_WARN_STRICT_PROTOTYPES = YES;
				CLANG_WARN_SUSPICIOUS_MOVE = YES;
				CLANG_WARN_UNGUARDED_AVAILABILITY = YES_AGGRESSIVE;
				CLANG_WARN_UNREACHABLE_CODE = YES;
				CLANG_WARN__DUPLICATE_METHOD_MATCH = YES;
				CODE_SIGN_IDENTITY = "iPhone Developer";
				COPY_PHASE_STRIP = NO;
				DEBUG_INFORMATION_FORMAT = dwarf;
				ENABLE_STRICT_OBJC_MSGSEND = YES;
				ENABLE_TESTABILITY = YES;
				GCC_C_LANGUAGE_STANDARD = gnu11;
				GCC_DYNAMIC_NO_PIC = NO;
				GCC_NO_COMMON_BLOCKS = YES;
				GCC_OPTIMIZATION_LEVEL = 0;
				GCC_PREPROCESSOR_DEFINITIONS = (
					"DEBUG=1",
					"$(inherited)",
				);
				GCC_WARN_64_TO_32_BIT_CONVERSION = YES;
				GCC_WARN_ABOUT_RETURN_TYPE = YES_ERROR;
				GCC_WARN_UNDECLARED_SELECTOR = YES;
				GCC_WARN_UNINITIALIZED_AUTOS = YES_AGGRESSIVE;
				GCC_WARN_UNUSED_FUNCTION = YES;
				GCC_WARN_UNUSED_VARIABLE = YES;
				IPHONEOS_DEPLOYMENT_TARGET = 12.1;
				MTL_ENABLE_DEBUG_INFO = INCLUDE_SOURCE;
				MTL_FAST_MATH = YES;
				ONLY_ACTIVE_ARCH = YES;
				SDKROOT = iphoneos;
				SWIFT_ACTIVE_COMPILATION_CONDITIONS = DEBUG;
				SWIFT_OPTIMIZATION_LEVEL = "-Onone";
			};
			name = Debug;
		};
		88E3FF41228D9C0A002871BB /* Release */ = {
			isa = XCBuildConfiguration;
			buildSettings = {
				ALWAYS_SEARCH_USER_PATHS = NO;
				CLANG_ANALYZER_NONNULL = YES;
				CLANG_ANALYZER_NUMBER_OBJECT_CONVERSION = YES_AGGRESSIVE;
				CLANG_CXX_LANGUAGE_STANDARD = "gnu++14";
				CLANG_CXX_LIBRARY = "libc++";
				CLANG_ENABLE_MODULES = YES;
				CLANG_ENABLE_OBJC_ARC = YES;
				CLANG_ENABLE_OBJC_WEAK = YES;
				CLANG_WARN_BLOCK_CAPTURE_AUTORELEASING = YES;
				CLANG_WARN_BOOL_CONVERSION = YES;
				CLANG_WARN_COMMA = YES;
				CLANG_WARN_CONSTANT_CONVERSION = YES;
				CLANG_WARN_DEPRECATED_OBJC_IMPLEMENTATIONS = YES;
				CLANG_WARN_DIRECT_OBJC_ISA_USAGE = YES_ERROR;
				CLANG_WARN_DOCUMENTATION_COMMENTS = YES;
				CLANG_WARN_EMPTY_BODY = YES;
				CLANG_WARN_ENUM_CONVERSION = YES;
				CLANG_WARN_INFINITE_RECURSION = YES;
				CLANG_WARN_INT_CONVERSION = YES;
				CLANG_WARN_NON_LITERAL_NULL_CONVERSION = YES;
				CLANG_WARN_OBJC_IMPLICIT_RETAIN_SELF = YES;
				CLANG_WARN_OBJC_LITERAL_CONVERSION = YES;
				CLANG_WARN_OBJC_ROOT_CLASS = YES_ERROR;
				CLANG_WARN_RANGE_LOOP_ANALYSIS = YES;
				CLANG_WARN_STRICT_PROTOTYPES = YES;
				CLANG_WARN_SUSPICIOUS_MOVE = YES;
				CLANG_WARN_UNGUARDED_AVAILABILITY = YES_AGGRESSIVE;
				CLANG_WARN_UNREACHABLE_CODE = YES;
				CLANG_WARN__DUPLICATE_METHOD_MATCH = YES;
				CODE_SIGN_IDENTITY = "iPhone Developer";
				COPY_PHASE_STRIP = NO;
				DEBUG_INFORMATION_FORMAT = "dwarf-with-dsym";
				ENABLE_NS_ASSERTIONS = NO;
				ENABLE_STRICT_OBJC_MSGSEND = YES;
				GCC_C_LANGUAGE_STANDARD = gnu11;
				GCC_NO_COMMON_BLOCKS = YES;
				GCC_WARN_64_TO_32_BIT_CONVERSION = YES;
				GCC_WARN_ABOUT_RETURN_TYPE = YES_ERROR;
				GCC_WARN_UNDECLARED_SELECTOR = YES;
				GCC_WARN_UNINITIALIZED_AUTOS = YES_AGGRESSIVE;
				GCC_WARN_UNUSED_FUNCTION = YES;
				GCC_WARN_UNUSED_VARIABLE = YES;
				IPHONEOS_DEPLOYMENT_TARGET = 12.1;
				MTL_ENABLE_DEBUG_INFO = NO;
				MTL_FAST_MATH = YES;
				SDKROOT = iphoneos;
				SWIFT_COMPILATION_MODE = wholemodule;
				SWIFT_OPTIMIZATION_LEVEL = "-O";
				VALIDATE_PRODUCT = YES;
			};
			name = Release;
		};
		88E3FF43228D9C0A002871BB /* Debug */ = {
			isa = XCBuildConfiguration;
			baseConfigurationReference = 942147E7A55F5239922D3590 /* Pods-TiQuest.debug.xcconfig */;
			buildSettings = {
				ASSETCATALOG_COMPILER_APPICON_NAME = AppIcon;
				CODE_SIGN_STYLE = Automatic;
				DEVELOPMENT_TEAM = DNB5G735SM;
				INFOPLIST_FILE = TiQuest/Info.plist;
				LD_RUNPATH_SEARCH_PATHS = (
					"$(inherited)",
					"@executable_path/Frameworks",
				);
				PRODUCT_BUNDLE_IDENTIFIER = com.EricOrdonneau.TiQuest;
				PRODUCT_NAME = "$(TARGET_NAME)";
				SWIFT_VERSION = 5.0;
				TARGETED_DEVICE_FAMILY = "1,2";
			};
			name = Debug;
		};
		88E3FF44228D9C0A002871BB /* Release */ = {
			isa = XCBuildConfiguration;
			baseConfigurationReference = 74ADADF95A9C723D4614757E /* Pods-TiQuest.release.xcconfig */;
			buildSettings = {
				ASSETCATALOG_COMPILER_APPICON_NAME = AppIcon;
				CODE_SIGN_STYLE = Automatic;
				DEVELOPMENT_TEAM = DNB5G735SM;
				INFOPLIST_FILE = TiQuest/Info.plist;
				LD_RUNPATH_SEARCH_PATHS = (
					"$(inherited)",
					"@executable_path/Frameworks",
				);
				PRODUCT_BUNDLE_IDENTIFIER = com.EricOrdonneau.TiQuest;
				PRODUCT_NAME = "$(TARGET_NAME)";
				SWIFT_VERSION = 5.0;
				TARGETED_DEVICE_FAMILY = "1,2";
			};
			name = Release;
		};
/* End XCBuildConfiguration section */

/* Begin XCConfigurationList section */
		88E3FF2B228D9C08002871BB /* Build configuration list for PBXProject "TiQuest" */ = {
			isa = XCConfigurationList;
			buildConfigurations = (
				88E3FF40228D9C0A002871BB /* Debug */,
				88E3FF41228D9C0A002871BB /* Release */,
			);
			defaultConfigurationIsVisible = 0;
			defaultConfigurationName = Release;
		};
		88E3FF42228D9C0A002871BB /* Build configuration list for PBXNativeTarget "TiQuest" */ = {
			isa = XCConfigurationList;
			buildConfigurations = (
				88E3FF43228D9C0A002871BB /* Debug */,
				88E3FF44228D9C0A002871BB /* Release */,
			);
			defaultConfigurationIsVisible = 0;
			defaultConfigurationName = Release;
		};
/* End XCConfigurationList section */
	};
	rootObject = 88E3FF28228D9C08002871BB /* Project object */;
}
